
Microsoft Visual Studio Solution File, Format Version 12.00
# Visual Studio Version 16
VisualStudioVersion = 16.0.33328.57
MinimumVisualStudioVersion = 10.0.40219.1
Project("{8BC9CEB8-8B4A-11D0-8D11-00A0C91BC942}") = "Easy_10", "Easy_10\Easy_10.vcxproj", "{9825258F-61A6-40CD-8A10-0ECF2E77A74E}"
EndProject
Global
	GlobalSection(SolutionConfigurationPlatforms) = preSolution
		Debug|x64 = Debug|x64
		Debug|x86 = Debug|x86
		Release|x64 = Release|x64
		Release|x86 = Release|x86
	EndGlobalSection
	GlobalSection(ProjectConfigurationPlatforms) = postSolution
		{9825258F-61A6-40CD-8A10-0ECF2E77A74E}.Debug|x64.ActiveCfg = Debug|x64
		{9825258F-61A6-40CD-8A10-0ECF2E77A74E}.Debug|x64.Build.0 = Debug|x64
		{9825258F-61A6-40CD-8A10-0ECF2E77A74E}.Debug|x86.ActiveCfg = Debug|Win32
		{9825258F-61A6-40CD-8A10-0ECF2E77A74E}.Debug|x86.Build.0 = Debug|Win32
		{9825258F-61A6-40CD-8A10-0ECF2E77A74E}.Release|x64.ActiveCfg = Release|x64
		{9825258F-61A6-40CD-8A10-0ECF2E77A74E}.Release|x64.Build.0 = Release|x64
		{9825258F-61A6-40CD-8A10-0ECF2E77A74E}.Release|x86.ActiveCfg = Release|Win32
		{9825258F-61A6-40CD-8A10-0ECF2E77A74E}.Release|x86.Build.0 = Release|Win32
	EndGlobalSection
	GlobalSection(SolutionProperties) = preSolution
		HideSolutionNode = FALSE
	EndGlobalSection
	GlobalSection(ExtensibilityGlobals) = postSolution
		SolutionGuid = {265063C5-0894-41E1-9B81-65CF1BA1966A}
	EndGlobalSection
EndGlobal
